
Microsoft Visual Studio Solution File, Format Version 12.00
# Visual Studio Version 16
VisualStudioVersion = 16.0.30621.155
MinimumVisualStudioVersion = 10.0.40219.1
Project("{FAE04EC0-301F-11D3-BF4B-00C04F79EFBC}") = "NewspaperBlogProject.EntityLayer", "NewspaperBlogProject.EntityLayer\NewspaperBlogProject.EntityLayer.csproj", "{5EE13EA8-B233-439B-80EB-F7E22A703B2C}"
EndProject
Project("{FAE04EC0-301F-11D3-BF4B-00C04F79EFBC}") = "NewspaperBlogProject.MapLayer", "NewspaperBlogProject.MapLayer\NewspaperBlogProject.MapLayer.csproj", "{65260E65-AD11-4916-BA5A-F15BD81B7221}"
EndProject
Project("{FAE04EC0-301F-11D3-BF4B-00C04F79EFBC}") = "NewspaperBlogProject.DataAccessLayer", "NewspaperBlogProject.DataAccessLayer\NewspaperBlogProject.DataAccessLayer.csproj", "{2A8C1700-72C2-4D26-827D-D08D9B4DA20F}"
EndProject
Project("{FAE04EC0-301F-11D3-BF4B-00C04F79EFBC}") = "NewspaperBlogProject.UI", "NewspaperBlogProject.UI\NewspaperBlogProject.UI.csproj", "{CED6D657-6A7C-4FC3-92E6-4B3CB68AA702}"
EndProject
Project("{FAE04EC0-301F-11D3-BF4B-00C04F79EFBC}") = "NewspaperBlogProject.Utility", "NewspaperBlogProject.Utility\NewspaperBlogProject.Utility.csproj", "{7AF6B769-D43D-4999-92B9-8C9B1751A6F5}"
EndProject
Global
	GlobalSection(SolutionConfigurationPlatforms) = preSolution
		Debug|Any CPU = Debug|Any CPU
		Release|Any CPU = Release|Any CPU
	EndGlobalSection
	GlobalSection(ProjectConfigurationPlatforms) = postSolution
		{5EE13EA8-B233-439B-80EB-F7E22A703B2C}.Debug|Any CPU.ActiveCfg = Debug|Any CPU
		{5EE13EA8-B233-439B-80EB-F7E22A703B2C}.Debug|Any CPU.Build.0 = Debug|Any CPU
		{5EE13EA8-B233-439B-80EB-F7E22A703B2C}.Release|Any CPU.ActiveCfg = Release|Any CPU
		{5EE13EA8-B233-439B-80EB-F7E22A703B2C}.Release|Any CPU.Build.0 = Release|Any CPU
		{65260E65-AD11-4916-BA5A-F15BD81B7221}.Debug|Any CPU.ActiveCfg = Debug|Any CPU
		{65260E65-AD11-4916-BA5A-F15BD81B7221}.Debug|Any CPU.Build.0 = Debug|Any CPU
		{65260E65-AD11-4916-BA5A-F15BD81B7221}.Release|Any CPU.ActiveCfg = Release|Any CPU
		{65260E65-AD11-4916-BA5A-F15BD81B7221}.Release|Any CPU.Build.0 = Release|Any CPU
		{2A8C1700-72C2-4D26-827D-D08D9B4DA20F}.Debug|Any CPU.ActiveCfg = Debug|Any CPU
		{2A8C1700-72C2-4D26-827D-D08D9B4DA20F}.Debug|Any CPU.Build.0 = Debug|Any CPU
		{2A8C1700-72C2-4D26-827D-D08D9B4DA20F}.Release|Any CPU.ActiveCfg = Release|Any CPU
		{2A8C1700-72C2-4D26-827D-D08D9B4DA20F}.Release|Any CPU.Build.0 = Release|Any CPU
		{CED6D657-6A7C-4FC3-92E6-4B3CB68AA702}.Debug|Any CPU.ActiveCfg = Debug|Any CPU
		{CED6D657-6A7C-4FC3-92E6-4B3CB68AA702}.Debug|Any CPU.Build.0 = Debug|Any CPU
		{CED6D657-6A7C-4FC3-92E6-4B3CB68AA702}.Release|Any CPU.ActiveCfg = Release|Any CPU
		{CED6D657-6A7C-4FC3-92E6-4B3CB68AA702}.Release|Any CPU.Build.0 = Release|Any CPU
		{7AF6B769-D43D-4999-92B9-8C9B1751A6F5}.Debug|Any CPU.ActiveCfg = Debug|Any CPU
		{7AF6B769-D43D-4999-92B9-8C9B1751A6F5}.Debug|Any CPU.Build.0 = Debug|Any CPU
		{7AF6B769-D43D-4999-92B9-8C9B1751A6F5}.Release|Any CPU.ActiveCfg = Release|Any CPU
		{7AF6B769-D43D-4999-92B9-8C9B1751A6F5}.Release|Any CPU.Build.0 = Release|Any CPU
	EndGlobalSection
	GlobalSection(SolutionProperties) = preSolution
		HideSolutionNode = FALSE
	EndGlobalSection
	GlobalSection(ExtensibilityGlobals) = postSolution
		SolutionGuid = {FCFEBB45-B4DC-4007-A1D5-3FE523FCD7E2}
	EndGlobalSection
EndGlobal
